DEPENDENCIES
  rabbitmq
    path: .
    metadata: true
  tar (~> 2.1.1)

GRAPH
  dpkg_autostart (0.2.0)
  erlang (8.0.0)
    yum-epel (>= 0.0.0)
    yum-erlang_solutions (>= 1.0.3)
  logrotate (2.2.2)
  rabbitmq (5.8.0)
    dpkg_autostart (>= 0.0.0)
    erlang (>= 0.0.0)
    logrotate (>= 0.0.0)
    yum-epel (>= 0.0.0)
    yum-erlang_solutions (>= 0.0.0)
  tar (2.1.1)
  yum-epel (3.3.0)
  yum-erlang_solutions (2.0.0)
    yum-epel (>= 0.0.0)
